
Microsoft Visual Studio Solution File, Format Version 12.00
# Visual Studio Version 17
VisualStudioVersion = 17.0.31903.59
MinimumVisualStudioVersion = 10.0.40219.1
Project("{FAE04EC0-301F-11D3-BF4B-00C04F79EFBC}") = "MDWM", "MasterDataWM\MDWM.csproj", "{EC2E1CA6-A3B3-4516-AC6F-9FC071FCF163}"
EndProject
Project("{FAE04EC0-301F-11D3-BF4B-00C04F79EFBC}") = "tests", "tests\tests.csproj", "{131C1D7F-A440-45D4-B57D-D75DF49CFFD8}"
EndProject
Global
	GlobalSection(SolutionConfigurationPlatforms) = preSolution
		Debug|Any CPU = Debug|Any CPU
		Release|Any CPU = Release|Any CPU
	EndGlobalSection
	GlobalSection(SolutionProperties) = preSolution
		HideSolutionNode = FALSE
	EndGlobalSection
	GlobalSection(ProjectConfigurationPlatforms) = postSolution
		{EC2E1CA6-A3B3-4516-AC6F-9FC071FCF163}.Debug|Any CPU.ActiveCfg = Debug|Any CPU
		{EC2E1CA6-A3B3-4516-AC6F-9FC071FCF163}.Debug|Any CPU.Build.0 = Debug|Any CPU
		{EC2E1CA6-A3B3-4516-AC6F-9FC071FCF163}.Release|Any CPU.ActiveCfg = Release|Any CPU
		{EC2E1CA6-A3B3-4516-AC6F-9FC071FCF163}.Release|Any CPU.Build.0 = Release|Any CPU
		{131C1D7F-A440-45D4-B57D-D75DF49CFFD8}.Debug|Any CPU.ActiveCfg = Debug|Any CPU
		{131C1D7F-A440-45D4-B57D-D75DF49CFFD8}.Debug|Any CPU.Build.0 = Debug|Any CPU
		{131C1D7F-A440-45D4-B57D-D75DF49CFFD8}.Release|Any CPU.ActiveCfg = Release|Any CPU
		{131C1D7F-A440-45D4-B57D-D75DF49CFFD8}.Release|Any CPU.Build.0 = Release|Any CPU
	EndGlobalSection
EndGlobal
